// !$*UTF8*$!
{
	archiveVersion = 1;
	classes = {
	};
	objectVersion = 50;
	objects = {

/* Begin PBXBuildFile section */
		CBC7DDD72435B56700E376A8 /* AppDelegate.swift in Sources */ = {isa = PBXBuildFile; fileRef = CBC7DDD62435B56700E376A8 /* AppDelegate.swift */; };
		CBC7DDD92435B56700E376A8 /* SceneDelegate.swift in Sources */ = {isa = PBXBuildFile; fileRef = CBC7DDD82435B56700E376A8 /* SceneDelegate.swift */; };
		CBC7DDDB2435B56700E376A8 /* ViewController.swift in Sources */ = {isa = PBXBuildFile; fileRef = CBC7DDDA2435B56700E376A8 /* ViewController.swift */; };
		CBC7DDDE2435B56700E376A8 /* Main.storyboard in Resources */ = {isa = PBXBuildFile; fileRef = CBC7DDDC2435B56700E376A8 /* Main.storyboard */; };
		CBC7DDE02435B56B00E376A8 /* Assets.xcassets in Resources */ = {isa = PBXBuildFile; fileRef = CBC7DDDF2435B56B00E376A8 /* Assets.xcassets */; };
		CBC7DDE32435B56B00E376A8 /* LaunchScreen.storyboard in Resources */ = {isa = PBXBuildFile; fileRef = CBC7DDE12435B56B00E376A8 /* LaunchScreen.storyboard */; };
		CBC7DDF02435B62900E376A8 /* Definitions.swift in Sources */ = {isa = PBXBuildFile; fileRef = CBC7DDEE2435B62800E376A8 /* Definitions.swift */; };
		CBC7DDF12435B62900E376A8 /* Json4Swift_Base.swift in Sources */ = {isa = PBXBuildFile; fileRef = CBC7DDEF2435B62900E376A8 /* Json4Swift_Base.swift */; };
		CBC7DDF42435ECAB00E376A8 /* Hide+Keyboard.swift in Sources */ = {isa = PBXBuildFile; fileRef = CBC7DDF32435ECAB00E376A8 /* Hide+Keyboard.swift */; };
/* End PBXBuildFile section */

/* Begin PBXFileReference section */
		CBC7DDD32435B56700E376A8 /* Dictionary Wallet.app */ = {isa = PBXFileReference; explicitFileType = wrapper.application; includeInIndex = 0; path = "Dictionary Wallet.app"; sourceTree = BUILT_PRODUCTS_DIR; };
		CBC7DDD62435B56700E376A8 /* AppDelegate.swift */ = {isa = PBXFileReference; lastKnownFileType = sourcecode.swift; path = AppDelegate.swift; sourceTree = "<group>"; };
		CBC7DDD82435B56700E376A8 /* SceneDelegate.swift */ = {isa = PBXFileReference; lastKnownFileType = sourcecode.swift; path = SceneDelegate.swift; sourceTree = "<group>"; };
		CBC7DDDA2435B56700E376A8 /* ViewController.swift */ = {isa = PBXFileReference; lastKnownFileType = sourcecode.swift; path = ViewController.swift; sourceTree = "<group>"; };
		CBC7DDDD2435B56700E376A8 /* Base */ = {isa = PBXFileReference; lastKnownFileType = file.storyboard; name = Base; path = Base.lproj/Main.storyboard; sourceTree = "<group>"; };
		CBC7DDDF2435B56B00E376A8 /* Assets.xcassets */ = {isa = PBXFileReference; lastKnownFileType = folder.assetcatalog; path = Assets.xcassets; sourceTree = "<group>"; };
		CBC7DDE22435B56B00E376A8 /* Base */ = {isa = PBXFileReference; lastKnownFileType = file.storyboard; name = Base; path = Base.lproj/LaunchScreen.storyboard; sourceTree = "<group>"; };
		CBC7DDE42435B56B00E376A8 /* Info.plist */ = {isa = PBXFileReference; lastKnownFileType = text.plist.xml; path = Info.plist; sourceTree = "<group>"; };
		CBC7DDEE2435B62800E376A8 /* Definitions.swift */ = {isa = PBXFileReference; fileEncoding = 4; lastKnownFileType = sourcecode.swift; path = Definitions.swift; sourceTree = "<group>"; };
		CBC7DDEF2435B62900E376A8 /* Json4Swift_Base.swift */ = {isa = PBXFileReference; fileEncoding = 4; lastKnownFileType = sourcecode.swift; path = Json4Swift_Base.swift; sourceTree = "<group>"; };
		CBC7DDF32435ECAB00E376A8 /* Hide+Keyboard.swift */ = {isa = PBXFileReference; lastKnownFileType = sourcecode.swift; path = "Hide+Keyboard.swift"; sourceTree = "<group>"; };
/* End PBXFileReference section */

/* Begin PBXFrameworksBuildPhase section */
		CBC7DDD02435B56700E376A8 /* Frameworks */ = {
			isa = PBXFrameworksBuildPhase;
			buildActionMask = 2147483647;
			files = (
			);
			runOnlyForDeploymentPostprocessing = 0;
		};
/* End PBXFrameworksBuildPhase section */

/* Begin PBXGroup section */
		CBC7DDCA2435B56700E376A8 = {
			isa = PBXGroup;
			children = (
				CBC7DDD52435B56700E376A8 /* Dictionary Wallet */,
				CBC7DDD42435B56700E376A8 /* Products */,
			);
			sourceTree = "<group>";
		};
		CBC7DDD42435B56700E376A8 /* Products */ = {
			isa = PBXGroup;
			children = (
				CBC7DDD32435B56700E376A8 /* Dictionary Wallet.app */,
			);
			name = Products;
			sourceTree = "<group>";
		};
		CBC7DDD52435B56700E376A8 /* Dictionary Wallet */ = {
			isa = PBXGroup;
			children = (
				CBC7DDF22435EC9900E376A8 /* Extension */,
				CBC7DDEA2435B5E500E376A8 /* Supporting Files */,
				CBC7DDED2435B60900E376A8 /* Model */,
				CBC7DDEB2435B5F900E376A8 /* Controller */,
				CBC7DDEC2435B60000E376A8 /* View */,
				CBC7DDDF2435B56B00E376A8 /* Assets.xcassets */,
				CBC7DDE42435B56B00E376A8 /* Info.plist */,
			);
			path = "Dictionary Wallet";
			sourceTree = "<group>";
		};
		CBC7DDEA2435B5E500E376A8 /* Supporting Files */ = {
			isa = PBXGroup;
			children = (
				CBC7DDD62435B56700E376A8 /* AppDelegate.swift */,
				CBC7DDD82435B56700E376A8 /* SceneDelegate.swift */,
				CBC7DDE12435B56B00E376A8 /* LaunchScreen.storyboard */,
			);
			path = "Supporting Files";
			sourceTree = "<group>";
		};
		CBC7DDEB2435B5F900E376A8 /* Controller */ = {
			isa = PBXGroup;
			children = (
				CBC7DDDA2435B56700E376A8 /* ViewController.swift */,
			);
			path = Controller;
			sourceTree = "<group>";
		};
		CBC7DDEC2435B60000E376A8 /* View */ = {
			isa = PBXGroup;
			children = (
				CBC7DDDC2435B56700E376A8 /* Main.storyboard */,
			);
			path = View;
			sourceTree = "<group>";
		};
		CBC7DDED2435B60900E376A8 /* Model */ = {
			isa = PBXGroup;
			children = (
				CBC7DDEE2435B62800E376A8 /* Definitions.swift */,
				CBC7DDEF2435B62900E376A8 /* Json4Swift_Base.swift */,
			);
			path = Model;
			sourceTree = "<group>";
		};
		CBC7DDF22435EC9900E376A8 /* Extension */ = {
			isa = PBXGroup;
			children = (
				CBC7DDF32435ECAB00E376A8 /* Hide+Keyboard.swift */,
			);
			path = Extension;
			sourceTree = "<group>";
		};
/* End PBXGroup section */

/* Begin PBXNativeTarget section */
		CBC7DDD22435B56700E376A8 /* Dictionary Wallet */ = {
			isa = PBXNativeTarget;
			buildConfigurationList = CBC7DDE72435B56B00E376A8 /* Build configuration list for PBXNativeTarget "Dictionary Wallet" */;
			buildPhases = (
				CBC7DDCF2435B56700E376A8 /* Sources */,
				CBC7DDD02435B56700E376A8 /* Frameworks */,
				CBC7DDD12435B56700E376A8 /* Resources */,
			);
			buildRules = (
			);
			dependencies = (
			);
			name = "Dictionary Wallet";
			productName = "Dictionary Wallet";
			productReference = CBC7DDD32435B56700E376A8 /* Dictionary Wallet.app */;
			productType = "com.apple.product-type.application";
		};
/* End PBXNativeTarget section */

/* Begin PBXProject section */
		CBC7DDCB2435B56700E376A8 /* Project object */ = {
			isa = PBXProject;
			attributes = {
				LastSwiftUpdateCheck = 1140;
				LastUpgradeCheck = 1140;
				ORGANIZATIONNAME = "Umer Khan";
				TargetAttributes = {
					CBC7DDD22435B56700E376A8 = {
						CreatedOnToolsVersion = 11.4;
					};
				};
			};
			buildConfigurationList = CBC7DDCE2435B56700E376A8 /* Build configuration list for PBXProject "Dictionary Wallet" */;
			compatibilityVersion = "Xcode 9.3";
			developmentRegion = en;
			hasScannedForEncodings = 0;
			knownRegions = (
				en,
				Base,
			);
			mainGroup = CBC7DDCA2435B56700E376A8;
			productRefGroup = CBC7DDD42435B56700E376A8 /* Products */;
			projectDirPath = "";
			projectRoot = "";
			targets = (
				CBC7DDD22435B56700E376A8 /* Dictionary Wallet */,
			);
		};
/* End PBXProject section */

/* Begin PBXResourcesBuildPhase section */
		CBC7DDD12435B56700E376A8 /* Resources */ = {
			isa = PBXResourcesBuildPhase;
			buildActionMask = 2147483647;
			files = (
				CBC7DDE32435B56B00E376A8 /* LaunchScreen.storyboard in Resources */,
				CBC7DDE02435B56B00E376A8 /* Assets.xcassets in Resources */,
				CBC7DDDE2435B56700E376A8 /* Main.storyboard in Resources */,
			);
			runOnlyForDeploymentPostprocessing = 0;
		};
/* End PBXResourcesBuildPhase section */

/* Begin PBXSourcesBuildPhase section */
		CBC7DDCF2435B56700E376A8 /* Sources */ = {
			isa = PBXSourcesBuildPhase;
			buildActionMask = 2147483647;
			files = (
				CBC7DDF42435ECAB00E376A8 /* Hide+Keyboard.swift in Sources */,
				CBC7DDF02435B62900E376A8 /* Definitions.swift in Sources */,
				CBC7DDDB2435B56700E376A8 /* ViewController.swift in Sources */,
				CBC7DDD72435B56700E376A8 /* AppDelegate.swift in Sources */,
				CBC7DDF12435B62900E376A8 /* Json4Swift_Base.swift in Sources */,
				CBC7DDD92435B56700E376A8 /* SceneDelegate.swift in Sources */,
			);
			runOnlyForDeploymentPostprocessing = 0;
		};
/* End PBXSourcesBuildPhase section */

/* Begin PBXVariantGroup section */
		CBC7DDDC2435B56700E376A8 /* Main.storyboard */ = {
			isa = PBXVariantGroup;
			children = (
				CBC7DDDD2435B56700E376A8 /* Base */,
			);
			name = Main.storyboard;
			sourceTree = "<group>";
		};
		CBC7DDE12435B56B00E376A8 /* LaunchScreen.storyboard */ = {
			isa = PBXVariantGroup;
			children = (
				CBC7DDE22435B56B00E376A8 /* Base */,
			);
			name = LaunchScreen.storyboard;
			sourceTree = "<group>";
		};
/* End PBXVariantGroup section */

/* Begin XCBuildConfiguration section */
		CBC7DDE52435B56B00E376A8 /* Debug */ = {
			isa = XCBuildConfiguration;
			buildSettings = {
				ALWAYS_SEARCH_USER_PATHS = NO;
				CLANG_ANALYZER_NONNULL = YES;
				CLANG_ANALYZER_NUMBER_OBJECT_CONVERSION = YES_AGGRESSIVE;
				CLANG_CXX_LANGUAGE_STANDARD = "gnu++14";
				CLANG_CXX_LIBRARY = "libc++";
				CLANG_ENABLE_MODULES = YES;
				CLANG_ENABLE_OBJC_ARC = YES;
				CLANG_ENABLE_OBJC_WEAK = YES;
				CLANG_WARN_BLOCK_CAPTURE_AUTORELEASING = YES;
				CLANG_WARN_BOOL_CONVERSION = YES;
				CLANG_WARN_COMMA = YES;
				CLANG_WARN_CONSTANT_CONVERSION = YES;
				CLANG_WARN_DEPRECATED_OBJC_IMPLEMENTATIONS = YES;
				CLANG_WARN_DIRECT_OBJC_ISA_USAGE = YES_ERROR;
				CLANG_WARN_DOCUMENTATION_COMMENTS = YES;
				CLANG_WARN_EMPTY_BODY = YES;
				CLANG_WARN_ENUM_CONVERSION = YES;
				CLANG_WARN_INFINITE_RECURSION = YES;
				CLANG_WARN_INT_CONVERSION = YES;
				CLANG_WARN_NON_LITERAL_NULL_CONVERSION = YES;
				CLANG_WARN_OBJC_IMPLICIT_RETAIN_SELF = YES;
				CLANG_WARN_OBJC_LITERAL_CONVERSION = YES;
				CLANG_WARN_OBJC_ROOT_CLASS = YES_ERROR;
				CLANG_WARN_RANGE_LOOP_ANALYSIS = YES;
				CLANG_WARN_STRICT_PROTOTYPES = YES;
				CLANG_WARN_SUSPICIOUS_MOVE = YES;
				CLANG_WARN_UNGUARDED_AVAILABILITY = YES_AGGRESSIVE;
				CLANG_WARN_UNREACHABLE_CODE = YES;
				CLANG_WARN__DUPLICATE_METHOD_MATCH = YES;
				COPY_PHASE_STRIP = NO;
				DEBUG_INFORMATION_FORMAT = dwarf;
				ENABLE_STRICT_OBJC_MSGSEND = YES;
				ENABLE_TESTABILITY = YES;
				GCC_C_LANGUAGE_STANDARD = gnu11;
				GCC_DYNAMIC_NO_PIC = NO;
				GCC_NO_COMMON_BLOCKS = YES;
				GCC_OPTIMIZATION_LEVEL = 0;
				GCC_PREPROCESSOR_DEFINITIONS = (
					"DEBUG=1",
					"$(inherited)",
				);
				GCC_WARN_64_TO_32_BIT_CONVERSION = YES;
				GCC_WARN_ABOUT_RETURN_TYPE = YES_ERROR;
				GCC_WARN_UNDECLARED_SELECTOR = YES;
				GCC_WARN_UNINITIALIZED_AUTOS = YES_AGGRESSIVE;
				GCC_WARN_UNUSED_FUNCTION = YES;
				GCC_WARN_UNUSED_VARIABLE = YES;
				IPHONEOS_DEPLOYMENT_TARGET = 13.4;
				MTL_ENABLE_DEBUG_INFO = INCLUDE_SOURCE;
				MTL_FAST_MATH = YES;
				ONLY_ACTIVE_ARCH = YES;
				SDKROOT = iphoneos;
				SWIFT_ACTIVE_COMPILATION_CONDITIONS = DEBUG;
				SWIFT_OPTIMIZATION_LEVEL = "-Onone";
			};
			name = Debug;
		};
		CBC7DDE62435B56B00E376A8 /* Release */ = {
			isa = XCBuildConfiguration;
			buildSettings = {
				ALWAYS_SEARCH_USER_PATHS = NO;
				CLANG_ANALYZER_NONNULL = YES;
				CLANG_ANALYZER_NUMBER_OBJECT_CONVERSION = YES_AGGRESSIVE;
				CLANG_CXX_LANGUAGE_STANDARD = "gnu++14";
				CLANG_CXX_LIBRARY = "libc++";
				CLANG_ENABLE_MODULES = YES;
				CLANG_ENABLE_OBJC_ARC = YES;
				CLANG_ENABLE_OBJC_WEAK = YES;
				CLANG_WARN_BLOCK_CAPTURE_AUTORELEASING = YES;
				CLANG_WARN_BOOL_CONVERSION = YES;
				CLANG_WARN_COMMA = YES;
				CLANG_WARN_CONSTANT_CONVERSION = YES;
				CLANG_WARN_DEPRECATED_OBJC_IMPLEMENTATIONS = YES;
				CLANG_WARN_DIRECT_OBJC_ISA_USAGE = YES_ERROR;
				CLANG_WARN_DOCUMENTATION_COMMENTS = YES;
				CLANG_WARN_EMPTY_BODY = YES;
				CLANG_WARN_ENUM_CONVERSION = YES;
				CLANG_WARN_INFINITE_RECURSION = YES;
				CLANG_WARN_INT_CONVERSION = YES;
				CLANG_WARN_NON_LITERAL_NULL_CONVERSION = YES;
				CLANG_WARN_OBJC_IMPLICIT_RETAIN_SELF = YES;
				CLANG_WARN_OBJC_LITERAL_CONVERSION = YES;
				CLANG_WARN_OBJC_ROOT_CLASS = YES_ERROR;
				CLANG_WARN_RANGE_LOOP_ANALYSIS = YES;
				CLANG_WARN_STRICT_PROTOTYPES = YES;
				CLANG_WARN_SUSPICIOUS_MOVE = YES;
				CLANG_WARN_UNGUARDED_AVAILABILITY = YES_AGGRESSIVE;
				CLANG_WARN_UNREACHABLE_CODE = YES;
				CLANG_WARN__DUPLICATE_METHOD_MATCH = YES;
				COPY_PHASE_STRIP = NO;
				DEBUG_INFORMATION_FORMAT = "dwarf-with-dsym";
				ENABLE_NS_ASSERTIONS = NO;
				ENABLE_STRICT_OBJC_MSGSEND = YES;
				GCC_C_LANGUAGE_STANDARD = gnu11;
				GCC_NO_COMMON_BLOCKS = YES;
				GCC_WARN_64_TO_32_BIT_CONVERSION = YES;
				GCC_WARN_ABOUT_RETURN_TYPE = YES_ERROR;
				GCC_WARN_UNDECLARED_SELECTOR = YES;
				GCC_WARN_UNINITIALIZED_AUTOS = YES_AGGRESSIVE;
				GCC_WARN_UNUSED_FUNCTION = YES;
				GCC_WARN_UNUSED_VARIABLE = YES;
				IPHONEOS_DEPLOYMENT_TARGET = 13.4;
				MTL_ENABLE_DEBUG_INFO = NO;
				MTL_FAST_MATH = YES;
				SDKROOT = iphoneos;
				SWIFT_COMPILATION_MODE = wholemodule;
				SWIFT_OPTIMIZATION_LEVEL = "-O";
				VALIDATE_PRODUCT = YES;
			};
			name = Release;
		};
		CBC7DDE82435B56B00E376A8 /* Debug */ = {
			isa = XCBuildConfiguration;
			buildSettings = {
				ASSETCATALOG_COMPILER_APPICON_NAME = AppIcon;
				CODE_SIGN_STYLE = Automatic;
				DEVELOPMENT_TEAM = 646XC4LJ39;
				INFOPLIST_FILE = "Dictionary Wallet/Info.plist";
				IPHONEOS_DEPLOYMENT_TARGET = 12.0;
				LD_RUNPATH_SEARCH_PATHS = (
					"$(inherited)",
					"@executable_path/Frameworks",
				);
				PRODUCT_BUNDLE_IDENTIFIER = "com.developers.Dictionary-Wallet";
				PRODUCT_NAME = "$(TARGET_NAME)";
				SWIFT_VERSION = 5.0;
				TARGETED_DEVICE_FAMILY = 1;
			};
			name = Debug;
		};
		CBC7DDE92435B56B00E376A8 /* Release */ = {
			isa = XCBuildConfiguration;
			buildSettings = {
				ASSETCATALOG_COMPILER_APPICON_NAME = AppIcon;
				CODE_SIGN_STYLE = Automatic;
				DEVELOPMENT_TEAM = 646XC4LJ39;
				INFOPLIST_FILE = "Dictionary Wallet/Info.plist";
				IPHONEOS_DEPLOYMENT_TARGET = 12.0;
				LD_RUNPATH_SEARCH_PATHS = (
					"$(inherited)",
					"@executable_path/Frameworks",
				);
				PRODUCT_BUNDLE_IDENTIFIER = "com.developers.Dictionary-Wallet";
				PRODUCT_NAME = "$(TARGET_NAME)";
				SWIFT_VERSION = 5.0;
				TARGETED_DEVICE_FAMILY = 1;
			};
			name = Release;
		};
/* End XCBuildConfiguration section */

/* Begin XCConfigurationList section */
		CBC7DDCE2435B56700E376A8 /* Build configuration list for PBXProject "Dictionary Wallet" */ = {
			isa = XCConfigurationList;
			buildConfigurations = (
				CBC7DDE52435B56B00E376A8 /* Debug */,
				CBC7DDE62435B56B00E376A8 /* Release */,
			);
			defaultConfigurationIsVisible = 0;
			defaultConfigurationName = Release;
		};
		CBC7DDE72435B56B00E376A8 /* Build configuration list for PBXNativeTarget "Dictionary Wallet" */ = {
			isa = XCConfigurationList;
			buildConfigurations = (
				CBC7DDE82435B56B00E376A8 /* Debug */,
				CBC7DDE92435B56B00E376A8 /* Release */,
			);
			defaultConfigurationIsVisible = 0;
			defaultConfigurationName = Release;
		};
/* End XCConfigurationList section */
	};
	rootObject = CBC7DDCB2435B56700E376A8 /* Project object */;
}
